{
  "name": "xwordsnap",
  "version": "0.1.0",
  "lockfileVersion": 3,
  "requires": true,
  "packages": {
    "": {
      "name": "xwordsnap",
      "version": "0.1.0",
      "hasInstallScript": true,
      "dependencies": {
        "@techstark/opencv-js": "5.0.0-release.1",
        "html5-crossword-solver": "github:bumface11/html5-crossword-solver#ca6671451f452b9b069eee46da3eab851a03de7d"
      }
    },
    "node_modules/@techstark/opencv-js": {
      "version": "5.0.0-release.1",
      "resolved": "https://registry.npmjs.org/@techstark/opencv-js/-/opencv-js-5.0.0-release.1.tgz",
      "integrity": "sha512-PIm+eB0MFtieXoNC2GRao0dv/02sehG+Nv2nSW5D6pQm6J/4WqvDHm0RyoqOmGYQm67jdGiaOdIeTShCY3PIUg==",
      "license": "Apache-2.0"
    },
    "node_modules/html5-crossword-solver": {
      "version": "1.0.0",
      "resolved": "git+ssh://git@github.com/bumface11/html5-crossword-solver.git#ca6671451f452b9b069eee46da3eab851a03de7d",
      "integrity": "sha512-O9xx/3u3dJGB0S5eblsSq+yzS8AAA+gM+Tmh4li9B4o1pF4SHp4Gt4XCHDpX8QzLaLu90y6sXgZ/DdH4wEvP4w=="
    }
  }
}
